
Microsoft Visual Studio Solution File, Format Version 12.00
# Visual Studio 14
VisualStudioVersion = 14.0.24720.0
MinimumVisualStudioVersion = 10.0.40219.1
Project("{FAE04EC0-301F-11D3-BF4B-00C04F79EFBC}") = "eveCostProfitProduction", "eveCostProfitProduction\eveCostProfitProduction.csproj", "{80FF5002-72D9-4C9A-8108-6354A84E4B0F}"
EndProject
Global
	GlobalSection(SolutionConfigurationPlatforms) = preSolution
		Debug|Any CPU = Debug|Any CPU
		Release|Any CPU = Release|Any CPU
	EndGlobalSection
	GlobalSection(ProjectConfigurationPlatforms) = postSolution
		{80FF5002-72D9-4C9A-8108-6354A84E4B0F}.Debug|Any CPU.ActiveCfg = Debug|Any CPU
		{80FF5002-72D9-4C9A-8108-6354A84E4B0F}.Debug|Any CPU.Build.0 = Debug|Any CPU
		{80FF5002-72D9-4C9A-8108-6354A84E4B0F}.Release|Any CPU.ActiveCfg = Release|Any CPU
		{80FF5002-72D9-4C9A-8108-6354A84E4B0F}.Release|Any CPU.Build.0 = Release|Any CPU
	EndGlobalSection
	GlobalSection(SolutionProperties) = preSolution
		HideSolutionNode = FALSE
	EndGlobalSection
EndGlobal
